
Microsoft Visual Studio Solution File, Format Version 12.00
# Visual Studio Version 17
VisualStudioVersion = 17.11.35327.3
MinimumVisualStudioVersion = 10.0.40219.1
Project("{2150E333-8FDC-42A3-9474-1A3956D46DE8}") = "Services", "Services", "{A3BE7B3F-F219-4770-BE3E-91334FBC741C}"
EndProject
Project("{2150E333-8FDC-42A3-9474-1A3956D46DE8}") = "Catalog", "Catalog", "{48E4D2A1-C296-492F-99BC-6FF23ABF3286}"
EndProject
Project("{9A19103F-16F7-4668-BE54-9A1E7A4F7556}") = "Catalog.API", "Services\Catalog\Catalog.API\Catalog.API.csproj", "{F99B568F-A162-4D4F-B202-C51D5C0AD0C8}"
EndProject
Project("{2150E333-8FDC-42A3-9474-1A3956D46DE8}") = "BuildingBlocks", "BuildingBlocks", "{7F77D70B-FFC6-4C15-A0FA-56F5698CA50E}"
EndProject
Project("{9A19103F-16F7-4668-BE54-9A1E7A4F7556}") = "BuildingBlocks", "BuildingBlocks\BuildingBlocks\BuildingBlocks.csproj", "{C62B9393-0317-411D-9735-C568F6C3E02A}"
EndProject
Project("{E53339B2-1760-4266-BCC7-CA923CBCF16C}") = "docker-compose", "docker-compose.dcproj", "{E298A3AC-81DA-47A3-B223-61BDCE161422}"
EndProject
Global
	GlobalSection(SolutionConfigurationPlatforms) = preSolution
		Debug|Any CPU = Debug|Any CPU
		Release|Any CPU = Release|Any CPU
	EndGlobalSection
	GlobalSection(ProjectConfigurationPlatforms) = postSolution
		{F99B568F-A162-4D4F-B202-C51D5C0AD0C8}.Debug|Any CPU.ActiveCfg = Debug|Any CPU
		{F99B568F-A162-4D4F-B202-C51D5C0AD0C8}.Debug|Any CPU.Build.0 = Debug|Any CPU
		{F99B568F-A162-4D4F-B202-C51D5C0AD0C8}.Release|Any CPU.ActiveCfg = Release|Any CPU
		{F99B568F-A162-4D4F-B202-C51D5C0AD0C8}.Release|Any CPU.Build.0 = Release|Any CPU
		{C62B9393-0317-411D-9735-C568F6C3E02A}.Debug|Any CPU.ActiveCfg = Debug|Any CPU
		{C62B9393-0317-411D-9735-C568F6C3E02A}.Debug|Any CPU.Build.0 = Debug|Any CPU
		{C62B9393-0317-411D-9735-C568F6C3E02A}.Release|Any CPU.ActiveCfg = Release|Any CPU
		{C62B9393-0317-411D-9735-C568F6C3E02A}.Release|Any CPU.Build.0 = Release|Any CPU
		{E298A3AC-81DA-47A3-B223-61BDCE161422}.Debug|Any CPU.ActiveCfg = Debug|Any CPU
		{E298A3AC-81DA-47A3-B223-61BDCE161422}.Debug|Any CPU.Build.0 = Debug|Any CPU
		{E298A3AC-81DA-47A3-B223-61BDCE161422}.Release|Any CPU.ActiveCfg = Release|Any CPU
		{E298A3AC-81DA-47A3-B223-61BDCE161422}.Release|Any CPU.Build.0 = Release|Any CPU
	EndGlobalSection
	GlobalSection(SolutionProperties) = preSolution
		HideSolutionNode = FALSE
	EndGlobalSection
	GlobalSection(NestedProjects) = preSolution
		{48E4D2A1-C296-492F-99BC-6FF23ABF3286} = {A3BE7B3F-F219-4770-BE3E-91334FBC741C}
		{F99B568F-A162-4D4F-B202-C51D5C0AD0C8} = {48E4D2A1-C296-492F-99BC-6FF23ABF3286}
		{C62B9393-0317-411D-9735-C568F6C3E02A} = {7F77D70B-FFC6-4C15-A0FA-56F5698CA50E}
	EndGlobalSection
	GlobalSection(ExtensibilityGlobals) = postSolution
		SolutionGuid = {B519F1BC-3A73-40B6-A856-3A9D7F9D1FE6}
	EndGlobalSection
EndGlobal
